
Microsoft Visual Studio Solution File, Format Version 12.00
# Visual Studio Version 16
VisualStudioVersion = 16.0.31402.337
MinimumVisualStudioVersion = 10.0.40219.1
Project("{FAE04EC0-301F-11D3-BF4B-00C04F79EFBC}") = "hangman test 1000", "hangman test 1000\hangman test 1000.csproj", "{D8D16C5F-612E-4007-A264-6191F192608A}"
EndProject
Global
	GlobalSection(SolutionConfigurationPlatforms) = preSolution
		Debug|Any CPU = Debug|Any CPU
		Release|Any CPU = Release|Any CPU
	EndGlobalSection
	GlobalSection(ProjectConfigurationPlatforms) = postSolution
		{D8D16C5F-612E-4007-A264-6191F192608A}.Debug|Any CPU.ActiveCfg = Debug|Any CPU
		{D8D16C5F-612E-4007-A264-6191F192608A}.Debug|Any CPU.Build.0 = Debug|Any CPU
		{D8D16C5F-612E-4007-A264-6191F192608A}.Release|Any CPU.ActiveCfg = Release|Any CPU
		{D8D16C5F-612E-4007-A264-6191F192608A}.Release|Any CPU.Build.0 = Release|Any CPU
	EndGlobalSection
	GlobalSection(SolutionProperties) = preSolution
		HideSolutionNode = FALSE
	EndGlobalSection
	GlobalSection(ExtensibilityGlobals) = postSolution
		SolutionGuid = {08AE3B3B-6225-44D9-981D-7D81022A3B1D}
	EndGlobalSection
EndGlobal
